
Microsoft Visual Studio Solution File, Format Version 12.00
# Visual Studio Version 16
VisualStudioVersion = 16.0.30907.101
MinimumVisualStudioVersion = 10.0.40219.1
Project("{FAE04EC0-301F-11D3-BF4B-00C04F79EFBC}") = "DataAccess", "DataAccess\DataAccess.csproj", "{65B40879-6323-4F2D-8EEA-38DD388C992E}"
EndProject
Project("{FAE04EC0-301F-11D3-BF4B-00C04F79EFBC}") = "Business", "Business\Business.csproj", "{7E760460-5BEA-4003-A2ED-D2895B884941}"
EndProject
Project("{FAE04EC0-301F-11D3-BF4B-00C04F79EFBC}") = "Entities", "Entities\Entities.csproj", "{B774AD85-D07C-45FD-B3CB-F993C03501F0}"
EndProject
Project("{FAE04EC0-301F-11D3-BF4B-00C04F79EFBC}") = "ConsoleUI", "ConsoleUI\ConsoleUI.csproj", "{8D8CBA41-2063-48DE-A40A-07FF24F60BED}"
EndProject
Global
	GlobalSection(SolutionConfigurationPlatforms) = preSolution
		Debug|Any CPU = Debug|Any CPU
		Release|Any CPU = Release|Any CPU
	EndGlobalSection
	GlobalSection(ProjectConfigurationPlatforms) = postSolution
		{65B40879-6323-4F2D-8EEA-38DD388C992E}.Debug|Any CPU.ActiveCfg = Debug|Any CPU
		{65B40879-6323-4F2D-8EEA-38DD388C992E}.Debug|Any CPU.Build.0 = Debug|Any CPU
		{65B40879-6323-4F2D-8EEA-38DD388C992E}.Release|Any CPU.ActiveCfg = Release|Any CPU
		{65B40879-6323-4F2D-8EEA-38DD388C992E}.Release|Any CPU.Build.0 = Release|Any CPU
		{7E760460-5BEA-4003-A2ED-D2895B884941}.Debug|Any CPU.ActiveCfg = Debug|Any CPU
		{7E760460-5BEA-4003-A2ED-D2895B884941}.Debug|Any CPU.Build.0 = Debug|Any CPU
		{7E760460-5BEA-4003-A2ED-D2895B884941}.Release|Any CPU.ActiveCfg = Release|Any CPU
		{7E760460-5BEA-4003-A2ED-D2895B884941}.Release|Any CPU.Build.0 = Release|Any CPU
		{B774AD85-D07C-45FD-B3CB-F993C03501F0}.Debug|Any CPU.ActiveCfg = Debug|Any CPU
		{B774AD85-D07C-45FD-B3CB-F993C03501F0}.Debug|Any CPU.Build.0 = Debug|Any CPU
		{B774AD85-D07C-45FD-B3CB-F993C03501F0}.Release|Any CPU.ActiveCfg = Release|Any CPU
		{B774AD85-D07C-45FD-B3CB-F993C03501F0}.Release|Any CPU.Build.0 = Release|Any CPU
		{8D8CBA41-2063-48DE-A40A-07FF24F60BED}.Debug|Any CPU.ActiveCfg = Debug|Any CPU
		{8D8CBA41-2063-48DE-A40A-07FF24F60BED}.Debug|Any CPU.Build.0 = Debug|Any CPU
		{8D8CBA41-2063-48DE-A40A-07FF24F60BED}.Release|Any CPU.ActiveCfg = Release|Any CPU
		{8D8CBA41-2063-48DE-A40A-07FF24F60BED}.Release|Any CPU.Build.0 = Release|Any CPU
	EndGlobalSection
	GlobalSection(SolutionProperties) = preSolution
		HideSolutionNode = FALSE
	EndGlobalSection
	GlobalSection(ExtensibilityGlobals) = postSolution
		SolutionGuid = {7AFBD57E-81B0-4D89-9CE2-20388E8E363F}
	EndGlobalSection
EndGlobal
